
Microsoft Visual Studio Solution File, Format Version 12.00
# Visual Studio Version 17
VisualStudioVersion = 17.6.33829.357
MinimumVisualStudioVersion = 10.0.40219.1
Project("{FAE04EC0-301F-11D3-BF4B-00C04F79EFBC}") = "Aula2.2", "Aula2.2\Aula2.2.csproj", "{7499F170-0750-45F9-8321-2BD55E243329}"
EndProject
Global
	GlobalSection(SolutionConfigurationPlatforms) = preSolution
		Debug|Any CPU = Debug|Any CPU
		Release|Any CPU = Release|Any CPU
	EndGlobalSection
	GlobalSection(ProjectConfigurationPlatforms) = postSolution
		{7499F170-0750-45F9-8321-2BD55E243329}.Debug|Any CPU.ActiveCfg = Debug|Any CPU
		{7499F170-0750-45F9-8321-2BD55E243329}.Debug|Any CPU.Build.0 = Debug|Any CPU
		{7499F170-0750-45F9-8321-2BD55E243329}.Release|Any CPU.ActiveCfg = Release|Any CPU
		{7499F170-0750-45F9-8321-2BD55E243329}.Release|Any CPU.Build.0 = Release|Any CPU
	EndGlobalSection
	GlobalSection(SolutionProperties) = preSolution
		HideSolutionNode = FALSE
	EndGlobalSection
	GlobalSection(ExtensibilityGlobals) = postSolution
		SolutionGuid = {F87457F8-B112-43B8-88FF-CB27DCEA50FF}
	EndGlobalSection
EndGlobal
